{
  "name": "todo_list",
  "version": "1.0.0",
  "lockfileVersion": 1,
  "requires": true,
  "dependencies": {
    "array-move": {
      "version": "3.0.1",
      "resolved": "https://registry.npmjs.org/array-move/-/array-move-3.0.1.tgz",
      "integrity": "sha512-H3Of6NIn2nNU1gsVDqDnYKY/LCdWvCMMOWifNGhKcVQgiZ6nOek39aESOvro6zmueP07exSl93YLvkN4fZOkSg=="
    },
    "array.prototype.move": {
      "version": "0.0.4",
      "resolved": "https://registry.npmjs.org/array.prototype.move/-/array.prototype.move-0.0.4.tgz",
      "integrity": "sha1-ibeRJlTcCakMyY2xL0Vpix4PMTk="
    }
  }
}
